{
  "originHash" : "96a361d2aa36cc5e730918d88e0b79338219df2ec094b59c1d8b1e6415bf125a",
  "pins" : [
    {
      "identity" : "fluidaudio",
      "kind" : "remoteSourceControl",
      "location" : "https://github.com/FluidInference/FluidAudio.git",
      "state" : {
        "revision" : "b9d43724cbdb5a980e441fd54180964e94d470f7",
        "version" : "0.15.4"
      }
    }
  ],
  "version" : 3
}
